{
  "version": "3",
  "packages": {
    "specifiers": {
      "jsr:@b-fuze/deno-dom": "jsr:@b-fuze/deno-dom@0.1.47"
    },
    "jsr": {
      "@b-fuze/deno-dom@0.1.47": {
        "integrity": "270a888de91329f8ce3849211ece0ad97ce1e8b9a8a774f2bed2f43c8b0ffe8e"
      }
    }
  },
  "redirects": {
    "https://deno.land/x/deno_dom/deno-dom-wasm.ts": "https://deno.land/x/deno_dom@v0.1.47/deno-dom-wasm.ts",
    "https://deno.land/x/dotenv/mod.ts": "https://deno.land/x/dotenv@v3.2.2/mod.ts",
    "https://denopkg.com/nekobato/deno-xml-parser/index.ts": "https://denopkg.com/nekobato/deno-xml-parser@master/index.ts"
  },
  "remote": {
    "https://deno.land/std@0.150.0/media_types/_util.ts": "ce9b4fc4ba1c447dafab619055e20fd88236ca6bdd7834a21f98bd193c3fbfa1",
    "https://deno.land/std@0.150.0/media_types/mod.ts": "2d4b6f32a087029272dc59e0a55ae3cc4d1b27b794ccf528e94b1925795b3118",
    "https://deno.land/std@0.150.0/media_types/vendor/mime-db.v1.52.0.ts": "724cee25fa40f1a52d3937d6b4fbbfdd7791ff55e1b7ac08d9319d5632c7f5af",
    "https://deno.land/std@0.190.0/fmt/colors.ts": "d67e3cd9f472535241a8e410d33423980bec45047e343577554d3356e1f0ef4e",
    "https://deno.land/std@0.190.0/testing/_diff.ts": "1a3c044aedf77647d6cac86b798c6417603361b66b54c53331b312caeb447aea",
    "https://deno.land/std@0.190.0/testing/_format.ts": "a69126e8a469009adf4cf2a50af889aca364c349797e63174884a52ff75cf4c7",
    "https://deno.land/std@0.190.0/testing/asserts.ts": "e16d98b4d73ffc4ed498d717307a12500ae4f2cbe668f1a215632d19fcffc22f",
    "https://deno.land/x/deno_dom@v0.1.47/build/deno-wasm/deno-wasm.js": "d6841a06342eb6a2798ef28de79ad69c0f2fa349fa04d3ca45e5fcfbf50a9340",
    "https://deno.land/x/deno_dom@v0.1.47/deno-dom-wasm.ts": "0669396686fb207f1354af33df6aabe2189b4eceafdb1bf7f3d6bbb2637b6b03",
    "https://deno.land/x/deno_dom@v0.1.47/src/api.ts": "0ff5790f0a3eeecb4e00b7d8fbfa319b165962cf6d0182a65ba90f158d74f7d7",
    "https://deno.land/x/deno_dom@v0.1.47/src/constructor-lock.ts": "0e7b297e8b9cf921a3b0d3a692ec5fb462c5afc47ec554292e20090b9e16b40a",
    "https://deno.land/x/deno_dom@v0.1.47/src/deserialize.ts": "1cf4096678d8afed8ed28dbad690504c4d2c28149ba768b26eacd1416873425b",
    "https://deno.land/x/deno_dom@v0.1.47/src/dom/document-fragment.ts": "1c7352a3c816587ed7fad574b42636198f680f17abc3836fcfe7799b31e7718f",
    "https://deno.land/x/deno_dom@v0.1.47/src/dom/document.ts": "0b07049fd614c1d460240d1bf3e051084a58105e54887af90f45bc615965f1c6",
    "https://deno.land/x/deno_dom@v0.1.47/src/dom/dom-parser.ts": "784ee0e766d4a01e14420f328053fd3a0016c6b40ee442edc3ae80f5d9777927",
    "https://deno.land/x/deno_dom@v0.1.47/src/dom/element.ts": "d1a006e4f7cd1eb050838a96ba93a254e5cf4136236c6454ab6e8ffedcf395fd",
    "https://deno.land/x/deno_dom@v0.1.47/src/dom/elements/html-template-element.ts": "740b97a5378c9a14cccf3429299846eda240b613013e2d2d7f20b393897453c2",
    "https://deno.land/x/deno_dom@v0.1.47/src/dom/html-collection.ts": "eedc0b097612ef420d975df6924850a36a4829b35aafa4c92078609a15a52f08",
    "https://deno.land/x/deno_dom@v0.1.47/src/dom/node-list.ts": "aa5d4c2297fadfb1b392ffa0e5c33a6fb8c198e8875bb853c2fc3fc49807701d",
    "https://deno.land/x/deno_dom@v0.1.47/src/dom/node.ts": "4ee9bc98f1d5b31a9a36674a9f3e1d6e25b9125b1532c42f84c4624816fe8435",
    "https://deno.land/x/deno_dom@v0.1.47/src/dom/selectors/custom-api.ts": "852696bd58e534bc41bd3be9e2250b60b67cd95fd28ed16b1deff1d548531a71",
    "https://deno.land/x/deno_dom@v0.1.47/src/dom/selectors/nwsapi-types.ts": "c43b36c36acc5d32caabaa54fda8c9d239b2b0fcbce9a28efb93c84aa1021698",
    "https://deno.land/x/deno_dom@v0.1.47/src/dom/selectors/nwsapi.js": "985d7d8fc1eabbb88946b47a1c44c1b2d4aa79ff23c21424219f1528fa27a2ff",
    "https://deno.land/x/deno_dom@v0.1.47/src/dom/selectors/selectors.ts": "83eab57be2290fb48e3130533448c93c6c61239f2a2f3b85f1917f80ca0fdc75",
    "https://deno.land/x/deno_dom@v0.1.47/src/dom/selectors/sizzle-types.ts": "78149e2502409989ce861ed636b813b059e16bc267bb543e7c2b26ef43e4798b",
    "https://deno.land/x/deno_dom@v0.1.47/src/dom/selectors/sizzle.js": "c3aed60c1045a106d8e546ac2f85cc82e65f62d9af2f8f515210b9212286682a",
    "https://deno.land/x/deno_dom@v0.1.47/src/dom/utils-types.ts": "96db30e3e4a75b194201bb9fa30988215da7f91b380fca6a5143e51ece2a8436",
    "https://deno.land/x/deno_dom@v0.1.47/src/dom/utils.ts": "4c6206516fb8f61f37a209c829e812c4f5a183e46d082934dd14c91bde939263",
    "https://deno.land/x/deno_dom@v0.1.47/src/parser.ts": "e06b2300d693e6ae7564e53dfa5c9a9e97fdb8c044c39c52c8b93b5d60860be3",
    "https://deno.land/x/dotenv@v3.2.2/mod.ts": "077b48773de9205266a0b44c3c3a3c3083449ed64bb0b6cc461b95720678d38e",
    "https://deno.land/x/dotenv@v3.2.2/util.ts": "693730877b13f8ead2b79b2aa31e2a0652862f7dc0c5f6d2f313f4d39c7b7670",
    "https://deno.land/x/momentjs@2.29.1-deno/mod.ts": "f0c8542988b812d2aeaabe4fe3d86e7638ba6dd469ac9dd252eb2d9a765b8b49",
    "https://deno.land/x/momentjs@2.29.1-deno/node_modules/moment/moment.js": "7ba0da6b25146fe95a948b47ec8a7707b4bcf6a87390d4b655a0663e107f7845",
    "https://deno.land/x/sax_ts@v1.2.11/src/sax.ts": "3b8303be055b59501d598fa6c6374b97cef1526f9f14ffe03d169f83ededae6c",
    "https://deno.land/x/xhr@0.3.0/mod.ts": "094aacd627fd9635cd942053bf8032b5223b909858fa9dc8ffa583752ff63b20",
    "https://denopkg.com/nekobato/deno-xml-parser@master/index.ts": "05d093028c005706e37b46bfe2bb7e2488f42fdc74d2196ac818902336927c01",
    "https://dev.jspm.io/npm:xmldom@0.6.0!cjs": "0f8479cb46a1171fe16b7b58705e3a110a0ccf1b7c816847316d1c3773a5275c",
    "https://dev.jspm.io/npm:xmldom@0.6.0/lib/dom!cjs": "b8462643f276f93554195f4417da86e1bc4714235cc5902262ac47a48ceedd2b",
    "https://dev.jspm.io/xmldom": "09765a7fba6e629149565b1d8d0be065462bd2a2ab7a4e3f0fea5e8302265c24",
    "https://esm.sh/@supabase/supabase-js@2.21.0": "f869e843669596679bf74d52b0488429f67e109f1bb848d9eb984a8f39548e5c",
    "https://esm.sh/fast-xml-parser@4.2.2": "e6decc9bc0d372494b5786c28fa2393bec46113a7fcaaeaba659a6895a6851c3",
    "https://esm.sh/v135/@supabase/functions-js@2.1.5/denonext/functions-js.mjs": "739affd2df20c1affd91991c3731c2537d270b82be5cdbd926c43be40eb2fdc5",
    "https://esm.sh/v135/@supabase/functions-js@2.3.1/denonext/functions-js.mjs": "c10a0bbd935fc12cae58918b8e23cb339d54c443983caeb597dd8cd76a76f940",
    "https://esm.sh/v135/@supabase/gotrue-js@2.57.0/denonext/gotrue-js.mjs": "a4e6768643628fc5445683f4f58090ea5b65c51c3abb165dc0a385cf8eae2121",
    "https://esm.sh/v135/@supabase/gotrue-js@2.62.2/denonext/gotrue-js.mjs": "326e26884bb2e359f192078b8c602a2e0acdc754767a274fe1df844319a8d319",
    "https://esm.sh/v135/@supabase/node-fetch@2.6.14/denonext/node-fetch.mjs": "23a71af3512da67a8757ab1e2356fa22565758444ea1fc08e0de0e8d4625e8aa",
    "https://esm.sh/v135/@supabase/node-fetch@2.6.15/denonext/node-fetch.mjs": "efad00ea3d4cbe1bee688836ef75339d49a1981bc5728a13e9ad5f26791d5efb",
    "https://esm.sh/v135/@supabase/postgrest-js@1.15.2/denonext/postgrest-js.mjs": "1d36cf3106c6dd6ce21473b57d88478802ceef6d22e67af1f92c508607302e50",
    "https://esm.sh/v135/@supabase/postgrest-js@1.9.0/denonext/postgrest-js.mjs": "e6239e65dca3c73527af617ee406934dc509a33e4082a9da9c3aa6c430519cdf",
    "https://esm.sh/v135/@supabase/realtime-js@2.8.4/denonext/realtime-js.mjs": "9f8af6f82b095b1b1d336a92c4ff8519a5b7f783a1e09eab005114b983cafd5d",
    "https://esm.sh/v135/@supabase/realtime-js@2.9.4/denonext/realtime-js.mjs": "5a4443e535c1ef8c469c281442a976f47735b3ee378c9e6d8b9a379c56b2f852",
    "https://esm.sh/v135/@supabase/storage-js@2.5.4/denonext/storage-js.mjs": "dff68679fb795ec7e157b8f51cb0b8c544d6c3d57ecc093f5b15eb909439efcd",
    "https://esm.sh/v135/@supabase/storage-js@2.5.5/denonext/storage-js.mjs": "66e29e4e55c7d396503e2d1d9376cfbc34f046b962bce4524c2d80b209fff413",
    "https://esm.sh/v135/@supabase/supabase-js@2.21.0/denonext/supabase-js.mjs": "f6f4cd702a24182735d44a41488adb00333c701164a550635d4b14b10c8c0269",
    "https://esm.sh/v135/bufferutil@4.0.8/denonext/bufferutil.mjs": "60a4618cbd1a5cb24935c55590b793d4ecb33862357d32e1d4614a0bbb90947f",
    "https://esm.sh/v135/cross-fetch@3.1.8/denonext/cross-fetch.mjs": "8fba9e7c3fbaf0d2168beb63ce0cd21b5bfbfbd77e2fcbf8d957d533a71222f6",
    "https://esm.sh/v135/es5-ext@0.10.62/denonext/global.js": "2f51d9acef1f761faaa542da919b3c747744ea29fe709d0a904fd531716a93d6",
    "https://esm.sh/v135/fast-xml-parser@4.2.2/denonext/fast-xml-parser.mjs": "5bbd562ef4d25968f7781fee2f728ad1ace202f68d4cf9cc52f803b36a5fe862",
    "https://esm.sh/v135/node-gyp-build@4.6.1/denonext/node-gyp-build.mjs": "5d28b312f145a6cb2ec0dbdd80a7d34c0e0e6b5dcada65411d8bcff6c8991cc6",
    "https://esm.sh/v135/strnum@1.0.5/denonext/strnum.mjs": "1ffef4adec2f74139e36a2bfed8381880541396fe1c315779fb22e081b17468b",
    "https://esm.sh/v135/utf-8-validate@6.0.3/denonext/utf-8-validate.mjs": "410c48d66840e987e474a4849cd25829817415cedd25466280effb1287d05aa5",
    "https://esm.sh/v135/websocket@1.0.34/denonext/websocket.mjs": "dfe5d62007e9f7430d561e2376fe47caa9d04cb016d83d3386fcc2206a90296b",
    "https://esm.sh/v135/ws@8.16.0/denonext/ws.mjs": "0fa0c00b69577ba36d0a36001329b2cec91498cb2e33e329fc76aa6d51a0d54d",
    "https://jspm.dev/date-fns@2.22.1": "8c6bab5c5a8382a75344ed001a48fb5e13349358d7019c5388eac499af5f55d4",
    "https://jspm.dev/npm:date-fns@2.22.1!cjs": "b01a81f8b4f1e24a60f7bc87f5c7bcfabef10d4a22ba6d5f1914c9787ccf6c33",
    "https://jspm.dev/npm:date-fns@2.22.1/_/1f3a5c36.js": "d53f305acf70f2537f78a1fef5cda018cb885c57d4c1da0a72c9c744c07ba077",
    "https://jspm.dev/npm:date-fns@2.22.1/_/4c488718.js": "75366ba2c19c9bb60ba8257d978f3591c22b5afe1d7f332b1ee25d9dc861152b",
    "https://jspm.dev/npm:date-fns@2.22.1/_/527ed860.js": "1662f000d6f8980ba1fbd8688ec1a8408e803c47af1c0e73a12d9079b7545af0",
    "https://jspm.dev/npm:date-fns@2.22.1/_/6701e40b.js": "8c155d83c56bd3427ccae241bcbbee2db5002bfb01c01fb2c91c9d64c07108af",
    "https://jspm.dev/npm:date-fns@2.22.1/_/80337e03.js": "84e5a623722d15ff603af616e78e29d5568b1563c7991d5ba0d51f378fd166e1",
    "https://jspm.dev/npm:date-fns@2.22.1/_/abd5a88a.js": "f454ebf5bc85170d730002603dd9d20d8fa6532f02318f7912a5abb46956acae",
    "https://jspm.dev/npm:date-fns@2.22.1/_/af8c3668.js": "b09da30f9384a6784b23f4ef2c13479c6370c1af17b3a1dcc9dfb7c09f74b1bf",
    "https://jspm.dev/npm:date-fns@2.22.1/_/b5e96f51.js": "4745826c766829f20a3e20478baddc31af189d8511188c42b3c021afe3b59030",
    "https://jspm.dev/npm:date-fns@2.22.1/_/bfc3c16d.js": "1dc40193c97c59e3c11efe4da7f862d2e9212fec51f7830ac15794775de13ce9",
    "https://jspm.dev/npm:date-fns@2.22.1/_/d2ae31a5.js": "0ae86c57f76ceac9cc1010cd9174c180067972469dce5bcbe48242ff1d4d2d59",
    "https://jspm.dev/npm:date-fns@2.22.1/_/e95943bc.js": "b67d3c610703360927bbc76d2ccae5a79f6a36989b6419b6e54de3667f9bf72d",
    "https://jspm.dev/npm:date-fns@2.22.1/_lib/cloneObject!cjs": "b10c66215f6a4a367a0ff9ac17a0bbb03d10fad899bd4c442c6b51b0fee5323f",
    "https://jspm.dev/npm:date-fns@2.22.1/_lib/format/longFormatters!cjs": "aac124c632cebc2d23221240fbcb2daa34b7f74d5bc4d0b46acb4d156383273e",
    "https://jspm.dev/npm:date-fns@2.22.1/_lib/getTimezoneOffsetInMilliseconds/index.js!cjs": "524800b1c4504de2e0295f2150ae658777ef8708b4817f6a1d694d966ccddc4a",
    "https://jspm.dev/npm:date-fns@2.22.1/_lib/toInteger/index.js!cjs": "286c4351e4f65c8a77fd30310d4b8bf58c39163b0e0aa006c15742f911f2156b",
    "https://jspm.dev/npm:date-fns@2.22.1/add!cjs": "dbb1e7379403431e4b9e2093d07b4db3bb0a3fb9113f4811aa6283ea886b38d6",
    "https://jspm.dev/npm:date-fns@2.22.1/addBusinessDays!cjs": "daf50f9a786808e7e6479819d3f59dee0850120db9541cfac62f56815c5922bc",
    "https://jspm.dev/npm:date-fns@2.22.1/addDays!cjs": "4de64acb503d0503a819f48828fb48da7ab8cead24a77283940a1d6392e8d4f8",
    "https://jspm.dev/npm:date-fns@2.22.1/addHours!cjs": "6a49eacff2ff8c03e0afdc36db97f52c6a46665db9ad1bad0073c3fbd1fe2f2b",
    "https://jspm.dev/npm:date-fns@2.22.1/addMilliseconds!cjs": "a35a5d391fb273f1ef3faabafb6121dac0f8f02ea6ce912a0ea69455541a73c6",
    "https://jspm.dev/npm:date-fns@2.22.1/addMinutes!cjs": "fee2d0bd058b4486b76b574bd47a1d088c7699dc066d082235429b6eec20d8b5",
    "https://jspm.dev/npm:date-fns@2.22.1/addMonths!cjs": "1b5dc79c777231aadb73861454e5e3c05dccb206b77922e28a1a1537e0f73181",
    "https://jspm.dev/npm:date-fns@2.22.1/addQuarters!cjs": "91510fdeb8d85bf4661b1150234ec28b0e5f8986208e412ae19374efc83795fe",
    "https://jspm.dev/npm:date-fns@2.22.1/addSeconds!cjs": "d37126a1797e0d9d27a7d55a4bd011d4753151b229f736802f11dccc55f3863f",
    "https://jspm.dev/npm:date-fns@2.22.1/addWeeks!cjs": "183aebed7b259e7b9302fd56802369d93438a1543a66cdba47efb84352580835",
    "https://jspm.dev/npm:date-fns@2.22.1/addYears!cjs": "282aab4e2ede6f9b9d2a44a08d2e7bbf3b4f1511c740af54e1a6dc552cb6a3d9",
    "https://jspm.dev/npm:date-fns@2.22.1/areIntervalsOverlapping!cjs": "a3075de45362bd836d1ae8a7b4e9931002f7443e8a6a4f6b37910fa2c3f44d76",
    "https://jspm.dev/npm:date-fns@2.22.1/closestIndexTo!cjs": "e3bf44d1efed01bddff0f7cbbe829d64bcca4f93b55ff97bfa39adb62d1d9f70",
    "https://jspm.dev/npm:date-fns@2.22.1/closestTo!cjs": "285c99ce11cc445883005f043e6cecf366fe0ff70307f7b2a0f9dc3cf13feaca",
    "https://jspm.dev/npm:date-fns@2.22.1/compareAsc!cjs": "615b8215809df854883056dd93d6948a10a08d45d35396bcf22cd714fdcb78bc",
    "https://jspm.dev/npm:date-fns@2.22.1/compareDesc!cjs": "4ad0d879731774099863014e243d04f196c293672fc6d3ce529b021280aeb7c1",
    "https://jspm.dev/npm:date-fns@2.22.1/constants!cjs": "de7ef64445c5939e691d89106c571569ce88945ef262bb71afdc1c96d7f2e9a6",
    "https://jspm.dev/npm:date-fns@2.22.1/differenceInBusinessDays!cjs": "426ccdf90583dbf00fcc4cc567b56c6229fd0b9af4c445a2575c07819fae7a08",
    "https://jspm.dev/npm:date-fns@2.22.1/differenceInCalendarDays!cjs": "3152ebc483cc95a3c683415181ffb1586fb78cf6259ce0a46be843136859f1c2",
    "https://jspm.dev/npm:date-fns@2.22.1/differenceInCalendarISOWeekYears!cjs": "d69fa02aa3e45e4635aca42fd64a99c78a7ec686f03f53e949ed8edec3e0a916",
    "https://jspm.dev/npm:date-fns@2.22.1/differenceInCalendarISOWeeks!cjs": "bddee44d00750e71b23c9bce8b3345d6d3f8694cbad148e36cbffd1242a51fb1",
    "https://jspm.dev/npm:date-fns@2.22.1/differenceInCalendarMonths!cjs": "5b3345685ad51cc765a38275add12f0a21e930ec905e34c996d69f1a5b6605fa",
    "https://jspm.dev/npm:date-fns@2.22.1/differenceInCalendarQuarters!cjs": "5749fb6d5a862916f39563ddb4db7a8bf4839621678b3aafb455190812a16207",
    "https://jspm.dev/npm:date-fns@2.22.1/differenceInCalendarWeeks!cjs": "2c3bc55d7b1f7895f64df8225c97b12797be87f3a0784896e1d91e6d29eac39c",
    "https://jspm.dev/npm:date-fns@2.22.1/differenceInCalendarYears!cjs": "13f43faca99c28916a6e165f6b579f710596b22dd3eb1dccdb151700b601e8c3",
    "https://jspm.dev/npm:date-fns@2.22.1/differenceInDays!cjs": "65293f19f1545a9c7b8c2dbac1f4815fc0babc0a3c8df61f9c91398a2932f123",
    "https://jspm.dev/npm:date-fns@2.22.1/differenceInHours!cjs": "b60e893503e2d3ab153a5230d5ab43e76a52e740d0b7400b0dcd2d7e31071b20",
    "https://jspm.dev/npm:date-fns@2.22.1/differenceInISOWeekYears!cjs": "3b8efe73363b241941587a56810b3eb09fdcb1365ec184f6e1930f33e3402133",
    "https://jspm.dev/npm:date-fns@2.22.1/differenceInMilliseconds!cjs": "2a1b776ffd52dd47f10155010c78f03ede5b970ec8a2641fad469b6044f60c47",
    "https://jspm.dev/npm:date-fns@2.22.1/differenceInMinutes!cjs": "37c062217fded9a5a3c129a17c5bd360e9bae6044e5d0455c486ab3ead49acde",
    "https://jspm.dev/npm:date-fns@2.22.1/differenceInMonths!cjs": "ab784d478b765d5111657a00cfb08a7b129cd2f84227ceda5ad05b772069ec08",
    "https://jspm.dev/npm:date-fns@2.22.1/differenceInQuarters!cjs": "179299baf69745c31f7da6b2e1db8fc0e6c350bdff4fb4d0f60a65a23cf953a0",
    "https://jspm.dev/npm:date-fns@2.22.1/differenceInSeconds!cjs": "0beb929022ce86734062df76fdce88ad6d6b8c7cc065283703fb1e401a8658e7",
    "https://jspm.dev/npm:date-fns@2.22.1/differenceInWeeks!cjs": "9c709a0680d70d1a5df057afcc2c90cf594295db97039936de709465e2a0ca88",
    "https://jspm.dev/npm:date-fns@2.22.1/differenceInYears!cjs": "5630f7ffe1fd95c5c333522b9ed9d583eee496156ce72d535a05c692a5f4884c",
    "https://jspm.dev/npm:date-fns@2.22.1/eachDayOfInterval!cjs": "a21cad50ef32bea46fd75fab1504678ad4f666aace36d2e58ff234a8e31f7979",
    "https://jspm.dev/npm:date-fns@2.22.1/eachMonthOfInterval!cjs": "4c635e5279d4877f1c88c29c39c70e4083de8685c1c33f0e161042c3e2002e66",
    "https://jspm.dev/npm:date-fns@2.22.1/eachWeekOfInterval!cjs": "7f0fe431f52fbacd875a1f59fdc1d7d8a67030bcd98fc67fa92b79111ed610bc",
    "https://jspm.dev/npm:date-fns@2.22.1/eachYearOfInterval!cjs": "ccd0c0d25a9d3d4064b75b33dbfdc46fa44c5c3d963546e6c3f8428cc1465ec7",
    "https://jspm.dev/npm:date-fns@2.22.1/endOfDay!cjs": "1fcda0b3e88149ecfc78209f59d03223fbcabc505ef72dd71aa006f6c3e5c795",
    "https://jspm.dev/npm:date-fns@2.22.1/endOfDecade!cjs": "98b7b48e5cefbc5daab8efb5e3883be6cd1d210c58080fb04fad764cb9ee5356",
    "https://jspm.dev/npm:date-fns@2.22.1/endOfHour!cjs": "e6bbf2b413f304be52574c65b4155fecf6ce1d6880daf8243f6f9230ac024828",
    "https://jspm.dev/npm:date-fns@2.22.1/endOfISOWeek!cjs": "06bcd14188b3a39fff8104f30eb469d903baf6422bc847367e117b30450bb2e3",
    "https://jspm.dev/npm:date-fns@2.22.1/endOfISOWeekYear!cjs": "d04ca86cda9bb2ff1519e17ca4784c6cde5866e20acfde5869f25cdb93a7c6b6",
    "https://jspm.dev/npm:date-fns@2.22.1/endOfMinute!cjs": "8167a526dd50ab4469dcc3f1444136ede17c1ce0649c1cc13ab7861327960581",
    "https://jspm.dev/npm:date-fns@2.22.1/endOfMonth!cjs": "c906c90dee9334635b43101c9879b76328f86038beb41bf42a816c80f72219ce",
    "https://jspm.dev/npm:date-fns@2.22.1/endOfQuarter!cjs": "54cffe4ea10768cb1f9231ac04f4cdb554af81223254ebad1ebc6fd0b50f88eb",
    "https://jspm.dev/npm:date-fns@2.22.1/endOfSecond!cjs": "1a2b38a6fd77946ff96dee74debd99e7424d42e9278a7f155ff5c07ede9a2db9",
    "https://jspm.dev/npm:date-fns@2.22.1/endOfToday!cjs": "24e8b96f0d5283bbccfedf4cfbe639edefa966beaecf1242b57b77f3ee50e24a",
    "https://jspm.dev/npm:date-fns@2.22.1/endOfTomorrow!cjs": "a7ceede61ec803191c42a80ae04bbd031b0c8f5e5d4132b5e8f8d2d7063ac6e2",
    "https://jspm.dev/npm:date-fns@2.22.1/endOfWeek!cjs": "1a21efe8f24a6fcd9504013fe0cbfc899f7fda58d422315eedb155c7d431fd9d",
    "https://jspm.dev/npm:date-fns@2.22.1/endOfYear!cjs": "a29c30971a390911b631e46f628d36086aed8d7b3040ff4c0587d75b063822da",
    "https://jspm.dev/npm:date-fns@2.22.1/endOfYesterday!cjs": "5286dd6919383b4ad74ace3dbe180782729d5ba093f3e707aa988649e6b4046e",
    "https://jspm.dev/npm:date-fns@2.22.1/format!cjs": "a33fa72fa1eaa51acad024dd7374ae9b10c8d9aa5a9513649a7970700fb39d29",
    "https://jspm.dev/npm:date-fns@2.22.1/formatDistance!cjs": "780051bcffc35d17ada1ae132b28823d1376b8b723d5a06aba3d5ce832f6c7e5",
    "https://jspm.dev/npm:date-fns@2.22.1/formatDistanceStrict!cjs": "d3bcc12fc63ed0a980024ac720a7a6172eef9985958758691aea7a6361632083",
    "https://jspm.dev/npm:date-fns@2.22.1/formatDistanceToNow!cjs": "499937592c91d418de565aa95de3660eaa21edd40720cef5e18c699ba74f79cc",
    "https://jspm.dev/npm:date-fns@2.22.1/formatDistanceToNowStrict!cjs": "2372b9b8085568d80c1751d618ea237a2741abf475b3d8c0712a1e470c2bf049",
    "https://jspm.dev/npm:date-fns@2.22.1/formatDuration!cjs": "5767ccfe5609ef364ce4aeb317d8953fde2242b2966f0a6cb55d6844c70a0212",
    "https://jspm.dev/npm:date-fns@2.22.1/formatISO!cjs": "c76bae3cc7b571c246680e192779a38bb229a506daca5f6266affedbf3d60ed0",
    "https://jspm.dev/npm:date-fns@2.22.1/formatISO9075!cjs": "6dfec67d5253b5f0afd461955e191d3acb58db20cdad0cda3689304b7331f5c5",
    "https://jspm.dev/npm:date-fns@2.22.1/formatRFC3339!cjs": "f5f637552a21f4855e27899778bb4c274bbbb10e4f1a9b82e28c41c7911ba709",
    "https://jspm.dev/npm:date-fns@2.22.1/formatRFC7231!cjs": "4ace356c50c6686b6922a8a3450c602879e2451f471730291978ce25f57f0ced",
    "https://jspm.dev/npm:date-fns@2.22.1/formatRelative!cjs": "0942b930a2fc9ee157492caf76d68a92614be231ef6b5ee1ffcf2e9fa890d55a",
    "https://jspm.dev/npm:date-fns@2.22.1/fromUnixTime!cjs": "adf26a977007a519cd1d68d38bb3e7d71d1524d582855136b44b2cf237336c82",
    "https://jspm.dev/npm:date-fns@2.22.1/getDate!cjs": "f547f1e4f8c4f3d81220ba8d370dd2b784ff26b45a2e0eab859ef7cebede6c6f",
    "https://jspm.dev/npm:date-fns@2.22.1/getDay!cjs": "175da6935f9b41e17ef13dda0ed2fc14a455b3719b36301ab130ca511e9eeb96",
    "https://jspm.dev/npm:date-fns@2.22.1/getDayOfYear!cjs": "b1c79d77820de6cd35872576c6481c068512b5f98c5616fe952a5c8bd6176e0d",
    "https://jspm.dev/npm:date-fns@2.22.1/getDaysInMonth!cjs": "6fc283935688455174c365a0b81a95df43f61442975a0a870a9eee5e2b56efcf",
    "https://jspm.dev/npm:date-fns@2.22.1/getDaysInYear!cjs": "91d71d45c89d507d6c2697d8f4a8a6ce824a8e22d21b86a413f9647b05cfef44",
    "https://jspm.dev/npm:date-fns@2.22.1/getDecade!cjs": "bc420448d1f578fba0eb2c1775ede230e101346638962fc2242678d3c1122c78",
    "https://jspm.dev/npm:date-fns@2.22.1/getHours!cjs": "bc9501c591f0d6ebb29ded40a3ef4b657efc1a2bbb1ae143339a788a89105174",
    "https://jspm.dev/npm:date-fns@2.22.1/getISODay!cjs": "8e36efe702ec633f0d9f2a3d8eb34f6b328ebe8f9158b9191ec7d7cd771390c2",
    "https://jspm.dev/npm:date-fns@2.22.1/getISOWeek!cjs": "6d33e8f4e5558834c8b80f7a398100dcc42d3cf3dc030fa70b0b7d7f175967e0",
    "https://jspm.dev/npm:date-fns@2.22.1/getISOWeekYear!cjs": "e5e9d42b2e06f1aa3912c9a59eb2ebc96dd38d6939919ac0e5ba07f18776e517",
    "https://jspm.dev/npm:date-fns@2.22.1/getISOWeeksInYear!cjs": "5228f705ea4fc9fba9e46d9e5837a51035fc9f20774c90318a72974e04c6f928",
    "https://jspm.dev/npm:date-fns@2.22.1/getMilliseconds!cjs": "7cf9bfc7ac5f02d1f9f1d25a7d29c3e50f9595c6c2725265b43fc5966d3086b4",
    "https://jspm.dev/npm:date-fns@2.22.1/getMinutes!cjs": "5718c2c48b99e110c8f35e64f095a1a90ee2943b36d03a5064614feab37c1af3",
    "https://jspm.dev/npm:date-fns@2.22.1/getMonth!cjs": "bacc887347a6aa217a758a7c437d2e0629f8ccf6702fb631f5412de9f1066901",
    "https://jspm.dev/npm:date-fns@2.22.1/getOverlappingDaysInIntervals!cjs": "90b835613e84af3071d40f3b6efade100ddc406f51d2630f1ae9c3844f38f7ab",
    "https://jspm.dev/npm:date-fns@2.22.1/getQuarter!cjs": "039468a0d2c647f93b638d657a49085992ce37195c8e888b773ac43ce8801b61",
    "https://jspm.dev/npm:date-fns@2.22.1/getSeconds!cjs": "6f34226cbb10816ff75b43abe27675aaa23e02aaba5c19ad955508766671eca5",
    "https://jspm.dev/npm:date-fns@2.22.1/getTime!cjs": "e1b958283d8c0d296e1a92bcfb3f8da9fd956fc1a7e217625f22eb248bd8f22c",
    "https://jspm.dev/npm:date-fns@2.22.1/getUnixTime!cjs": "1ac8c2df0b21a617cd8a15dad4677531da40efb990ecddffe6b5d9eff374b594",
    "https://jspm.dev/npm:date-fns@2.22.1/getWeek!cjs": "d645d40e3959f5c8932e799527bc7cee8f67593b772c1be95bcb1e196238f4c1",
    "https://jspm.dev/npm:date-fns@2.22.1/getWeekOfMonth!cjs": "21cc362b66d44e9b685f6b22428cf29f024b14ae8d74ffd7058b741d5b0f716f",
    "https://jspm.dev/npm:date-fns@2.22.1/getWeekYear!cjs": "805d1a944eb871abbbad236e7940749faccb544a9769cb54b98e1a3f0dff70b1",
    "https://jspm.dev/npm:date-fns@2.22.1/getWeeksInMonth!cjs": "6c2c3971c656a2611310fbe2e2939262b9148329d13e2c94ae76a8f2212dab62",
    "https://jspm.dev/npm:date-fns@2.22.1/getYear!cjs": "1f76b00f822bf7d5434f42ac6b91e2aecc21c7bb7bc981d77b2451a78b0b500c",
    "https://jspm.dev/npm:date-fns@2.22.1/intervalToDuration!cjs": "0619c2f356ec12d80a4b2add81786def0d61be4d06e532d2c1a47d757e839174",
    "https://jspm.dev/npm:date-fns@2.22.1/isAfter!cjs": "0b327885aabdcfec87f71071cb9a16f157bf89851259709a3bd870965f8ead8e",
    "https://jspm.dev/npm:date-fns@2.22.1/isBefore!cjs": "ec39820e30f9afad49215275e7c8d1f73a8658c4945b5cbc61faaa0d2d269296",
    "https://jspm.dev/npm:date-fns@2.22.1/isDate!cjs": "82c9812a34da66556f6f2480ee88a8b220c6e441adab49cc83a67e0f64a6e325",
    "https://jspm.dev/npm:date-fns@2.22.1/isEqual!cjs": "6b6c63e6aaeb1139a64489ae079dc85ea8d8b6b53decaed6a44895c10fc97c2e",
    "https://jspm.dev/npm:date-fns@2.22.1/isFirstDayOfMonth!cjs": "dd171645eb6d9dba93ea6dcb44aa1f76ff746451bdf99caa1f292630f02f0d49",
    "https://jspm.dev/npm:date-fns@2.22.1/isFuture!cjs": "999fba0a18ec43beeab9a721a394c10e0ee784541333a0729d39252b52646593",
    "https://jspm.dev/npm:date-fns@2.22.1/isLastDayOfMonth!cjs": "22dea407d94a13745f7701662ba611e3b089c828e220e567ec8163bce7b760ff",
    "https://jspm.dev/npm:date-fns@2.22.1/isLeapYear!cjs": "412e309c9153e9d3500887d0c1efd1f91a41463470801a0e6a9a6e5a8ef6326e",
    "https://jspm.dev/npm:date-fns@2.22.1/isMatch!cjs": "2a19bcedee380d1d642b652081c4b5d513f13ccc1ee8a8770a1ac23d45691543",
    "https://jspm.dev/npm:date-fns@2.22.1/isMonday!cjs": "e9f010b60a4a4a253938bfe1a7c973e860765ba9cb68189b8e86d657602e99cd",
    "https://jspm.dev/npm:date-fns@2.22.1/isPast!cjs": "000f23638802e3d22f7311e08d72ce1a079d390c9f94a18fa1ff9f4ab7a1e5b4",
    "https://jspm.dev/npm:date-fns@2.22.1/isSameDay!cjs": "d2e197c766bba5480b51f34c5b91700a81b8c27620d9db019b05f1040cfc076c",
    "https://jspm.dev/npm:date-fns@2.22.1/isSameHour!cjs": "afbb5084d4f65ca23f6c047faec28e1579a1b1f6ed82903deeb9e62fd3e0492d",
    "https://jspm.dev/npm:date-fns@2.22.1/isSameMinute!cjs": "dd3245f208deeb9db0b8feea476d7e784ac919a412203d9416ad93bd3684d430",
    "https://jspm.dev/npm:date-fns@2.22.1/isSameMonth!cjs": "fd19b1d17569fe28f7dd6a2b3e5e8d7ce5db74b753871afb8899d7ce7b1f2be4",
    "https://jspm.dev/npm:date-fns@2.22.1/isSameQuarter!cjs": "16193c11680d5ef28170df3355e5e58887085df377216e70148f3519b0f45704",
    "https://jspm.dev/npm:date-fns@2.22.1/isSameSecond!cjs": "50dda0899d6e77c1f51416db23b644c1466caa75caa1b556c2b9ed79fa0ce4ae",
    "https://jspm.dev/npm:date-fns@2.22.1/isSameWeek!cjs": "fdcab9f751d4e273df8397273cb6442d60adc77cbf2d1e7e2ac630771f05d2f3",
    "https://jspm.dev/npm:date-fns@2.22.1/isSameYear!cjs": "42f047c08c4ffb1b293243dd0ab027e8f368b0d60f4f198daabd1ac9f636c0d3",
    "https://jspm.dev/npm:date-fns@2.22.1/isSaturday!cjs": "3506236dfdcdf796bea7351f4b326a2444a9c5dfb4bf8f5635bea978025bc26e",
    "https://jspm.dev/npm:date-fns@2.22.1/isSunday!cjs": "7c74a37682fe2ff3afc60a8ed956ff9b95be6c29a2059597b3dfbb2e44c156cf",
    "https://jspm.dev/npm:date-fns@2.22.1/isThisMonth!cjs": "66874d814e50cce89e8d80c0e605558f1129c209e9156c03c53aa85673a76c33",
    "https://jspm.dev/npm:date-fns@2.22.1/isThisWeek!cjs": "cacbf91281788d8127806565d215a929bbc945090ed1438c204f6333fdbc272d",
    "https://jspm.dev/npm:date-fns@2.22.1/isThisYear!cjs": "8ccce283f385451e65c5d4bbd6a74e2cb0cd490637577a493051ea986d2e8532",
    "https://jspm.dev/npm:date-fns@2.22.1/isToday!cjs": "5deb79ff0f6a9889abb61df937c428a29b345c1bbd25b285342537a79578116b",
    "https://jspm.dev/npm:date-fns@2.22.1/isTomorrow!cjs": "b4b6c87374f2667916ec4294f360d86e81fc36cd8542dfe01a97931e0db8b498",
    "https://jspm.dev/npm:date-fns@2.22.1/isValid!cjs": "0ab7bcc080f8c0d32560fdb58cbbb8a81211d15be094b32f7a6584cef4b2f5fd",
    "https://jspm.dev/npm:date-fns@2.22.1/isWeekend!cjs": "08010f1da4f8a270e2164227d67145b96d35b53b345d00954994338cd9f29313",
    "https://jspm.dev/npm:date-fns@2.22.1/isWithinInterval!cjs": "7db65fa443877c76d72318cb158cb6e35bc4149087f9a43e4ca6bd3d37554a18",
    "https://jspm.dev/npm:date-fns@2.22.1/isYesterday!cjs": "938ae933ee06ebf4ceead2fde4adfea90613091f572af486f192b6dd6fb44df4",
    "https://jspm.dev/npm:date-fns@2.22.1/lastDayOfDecade!cjs": "90063b1bfcaccf33f93ccf7a26e0f59bf13d49612126de858a43c129af87ea07",
    "https://jspm.dev/npm:date-fns@2.22.1/lastDayOfISOWeek!cjs": "5d42b1e163470c81d7c7efa20a1a587a92809ef9381db3c9a04e1916def56254",
    "https://jspm.dev/npm:date-fns@2.22.1/lastDayOfISOWeekYear!cjs": "ca04f7fda5c65de81236f9a5cddf19ecff493b9ac8bdb57d34f9e393289a5e59",
    "https://jspm.dev/npm:date-fns@2.22.1/lastDayOfMonth!cjs": "dfa5d2bee2e91012791623578323d07df228a8e6e9b7e4049224d75ac5de6e59",
    "https://jspm.dev/npm:date-fns@2.22.1/lastDayOfQuarter!cjs": "83dc10358e0d4388f42d1c216cee93ee1ed34523fcaa40543bd146d70237f938",
    "https://jspm.dev/npm:date-fns@2.22.1/lastDayOfWeek!cjs": "103bcb5d8159cfe74a8f6d327c466aac38d0408658ce5a1e3cbecbbbbfd4dd01",
    "https://jspm.dev/npm:date-fns@2.22.1/lastDayOfYear!cjs": "5433dee8d54e4cdc27ac5cd1d8acb3887fdd5f8d58e65c98345ee2d57efe00d0",
    "https://jspm.dev/npm:date-fns@2.22.1/lightFormat!cjs": "49f06d010d81c37dbfd0f6eae975f66ddc39a6220464a28e93e15e25ccf7a439",
    "https://jspm.dev/npm:date-fns@2.22.1/locale/_lib/buildFormatLongFn!cjs": "0c1ff2d389b50a72e3e4e1ab6909fb1165628644101af29dd6016494b6740867",
    "https://jspm.dev/npm:date-fns@2.22.1/locale/_lib/buildLocalizeFn!cjs": "b9f0bc0eb77ca19214279bf691224f9de61266a583844ee04d9ab8d36427a2c6",
    "https://jspm.dev/npm:date-fns@2.22.1/locale/en-US!cjs": "81985ae3d7b62f397a8f3445ddb378b0cd8db994aacfa2d8fa6ba7fa934058d5",
    "https://jspm.dev/npm:date-fns@2.22.1/max!cjs": "b73f53999f337aeaaac3a9cd07e79ea37dd4512478a0297399a87d7880c914d2",
    "https://jspm.dev/npm:date-fns@2.22.1/min!cjs": "237be976ea53a76e69e4f126e40da27052eeeeb08c25fb924ba5ce38f23461ae",
    "https://jspm.dev/npm:date-fns@2.22.1/parse!cjs": "e61ae5ed6b80c488f7dc572dbc24d23905f7577db853997379ec087a6cbf83c5",
    "https://jspm.dev/npm:date-fns@2.22.1/parseISO!cjs": "6a610af666345771eda197f6264ca603254820aed587ecb6cdef88e226b81c9f",
    "https://jspm.dev/npm:date-fns@2.22.1/parseJSON!cjs": "bf6558c82c0c751026957c6b8684f79673d70db7e5c60b50bd667f09760d8f9f",
    "https://jspm.dev/npm:date-fns@2.22.1/set!cjs": "737752ca6e5d7b7125a407622abdf756289bb751149d8e39e9bc6f973ff979a3",
    "https://jspm.dev/npm:date-fns@2.22.1/setDate!cjs": "9765f375b6af26e0f3fc90a4cfc54924e061a8d24590b51d240e7878c81d0fbe",
    "https://jspm.dev/npm:date-fns@2.22.1/setDay!cjs": "7bef065e3647dc47787bb6af3c24a7c32b9efaa35cf5345040d0d0111d1048dd",
    "https://jspm.dev/npm:date-fns@2.22.1/setDayOfYear!cjs": "3b15a1e153367918f03142e20421441af3da3a5ea6fb9551c6bfae2b3cd05335",
    "https://jspm.dev/npm:date-fns@2.22.1/setHours!cjs": "b0ce24b57a77d76a4f5d92c225818ea0c886777eb448038d0e54413b9b44e0ec",
    "https://jspm.dev/npm:date-fns@2.22.1/setISODay!cjs": "bbbabaf75fe3190f4e525815b64c23fdc9631c81a48ff7108c642c7db932a062",
    "https://jspm.dev/npm:date-fns@2.22.1/setMilliseconds!cjs": "9a3aac8bebfa24fa92729b88d6cfe37f786a6a79d2af86101e50a583bced1ec5",
    "https://jspm.dev/npm:date-fns@2.22.1/setMinutes!cjs": "240ae16cb939c9d623ac19e2ec356fb0469b2129349523ba3a05fcba5cd981cf",
    "https://jspm.dev/npm:date-fns@2.22.1/setMonth!cjs": "1c728427a70ee5b722fdd7a910faab4cce069a227d90791fee76021f40c592c1",
    "https://jspm.dev/npm:date-fns@2.22.1/setQuarter!cjs": "fc091ecffb38061076f1a81fdc170ecf4b95c276d28cfb3806a4ea80ffa5347d",
    "https://jspm.dev/npm:date-fns@2.22.1/setSeconds!cjs": "1a4d6739aff5a88c72f3e265389408362c32bf337f31499f806a9ec7f572c1a4",
    "https://jspm.dev/npm:date-fns@2.22.1/setWeek!cjs": "dc850e82b5a87f4cbadae04a2be07aae34b2feec08595d2b2cf59061d7d2cfa2",
    "https://jspm.dev/npm:date-fns@2.22.1/setYear!cjs": "0d41320a434f16ebb39dc02312baf09c0aaefe592bade958477d06e510537d85",
    "https://jspm.dev/npm:date-fns@2.22.1/startOfDay!cjs": "bd3c3de3ab0527cf1f0bcd1ba5e8202bb580e260c112dfb46340af8df074d264",
    "https://jspm.dev/npm:date-fns@2.22.1/startOfDecade!cjs": "d9a613829f1baeb402bff68eb535fe7cc972f77ea74174cef2699f30244bad0d",
    "https://jspm.dev/npm:date-fns@2.22.1/startOfHour!cjs": "60e12ddde20fcd1ff93bd5797989885c3edb5563749ee5fdb687cbd57c8e40fa",
    "https://jspm.dev/npm:date-fns@2.22.1/startOfISOWeek!cjs": "083e07026bf6c425ece665e0dc7266e3696afc73e373a3560f56edcce33538f9",
    "https://jspm.dev/npm:date-fns@2.22.1/startOfISOWeekYear!cjs": "763c2bdcdd1630dc38c0fa502504079c114b422e76795d7c5d96e837e90a1a8f",
    "https://jspm.dev/npm:date-fns@2.22.1/startOfMinute!cjs": "a7285c7c7b70e68c7e22521a743bfcdc728adee31181f7d7dcbe33b761806614",
    "https://jspm.dev/npm:date-fns@2.22.1/startOfMonth!cjs": "bc2ed1a923af9922e6676b8b12c944a5451f4a311738f9eed51b5fe1e907f2a6",
    "https://jspm.dev/npm:date-fns@2.22.1/startOfQuarter!cjs": "9be61553ab035ed8f40334b8b8bd17a15bda4bdd60503772b4d63a94d207a717",
    "https://jspm.dev/npm:date-fns@2.22.1/startOfSecond!cjs": "05a19b77a9f07a1afdfd80bb429c01155d761f8f61ec0a209b41d69629004971",
    "https://jspm.dev/npm:date-fns@2.22.1/startOfToday!cjs": "40ac4256e9ed8d8798497abf69c4c4e44d6ca0f067c9458bbf3039bf4d9ed9b1",
    "https://jspm.dev/npm:date-fns@2.22.1/startOfTomorrow!cjs": "a17d388aa1c01fd8391f807df436668b7613f5f5d6363d4ffa611d7d1cfd46db",
    "https://jspm.dev/npm:date-fns@2.22.1/startOfWeek!cjs": "0114562ac87a36196786b3bda3ec0bb8054edd4cd89aed69d6998dee3d2ea28b",
    "https://jspm.dev/npm:date-fns@2.22.1/startOfWeekYear!cjs": "3a75d287d2394fe5cc57d4360810944c372cfb771fad462e173dd35760ea1dc2",
    "https://jspm.dev/npm:date-fns@2.22.1/startOfYear!cjs": "82b9a107559998f166995647c59f08515259e25c5b46a7c84e55b866c1fc2c31",
    "https://jspm.dev/npm:date-fns@2.22.1/startOfYesterday!cjs": "974d0661921d6fce4863ce8dcb5fe48e38b29b51694a1fbe92e880e5f31ee4ac",
    "https://jspm.dev/npm:date-fns@2.22.1/sub!cjs": "582d077b75eda3983582b042c496aab260653bfff3bd33119546b5c409bfe402",
    "https://jspm.dev/npm:date-fns@2.22.1/subDays!cjs": "72d29f913d85f7260f4b23ee12e735f3156b7d1097507eee9357cac18b53408e",
    "https://jspm.dev/npm:date-fns@2.22.1/subHours!cjs": "af34f1c2d52059e601247f36664f5dbae6276e0cf227ca6320daf419634dca05",
    "https://jspm.dev/npm:date-fns@2.22.1/subISOWeekYears!cjs": "97285f13c8072d7736197d711d7e1e74b44f5a8f866391f73112a556820f59e3",
    "https://jspm.dev/npm:date-fns@2.22.1/subMilliseconds!cjs": "493e504c7eb69f67130254c45104069014c19961efae6d468f56d874c83d603d",
    "https://jspm.dev/npm:date-fns@2.22.1/subMinutes!cjs": "007961f43d63134e0f782d3e985d154e6905d9cc319744d22a56ed2b05294d4e",
    "https://jspm.dev/npm:date-fns@2.22.1/subMonths!cjs": "a1811238bd76501b4b1b62a0861403cdbae1fb3428a446c21e3949103c9518fe",
    "https://jspm.dev/npm:date-fns@2.22.1/subQuarters!cjs": "5b217fb030f885e4d70a9cbae2e3d15c278575146c07c088fcc0c4a5a9dd8fbd",
    "https://jspm.dev/npm:date-fns@2.22.1/subSeconds!cjs": "b1ddde9fade0e03f54725da9d07de1b7ed2d8c1c71b0f5acde12a952fec3ec7b",
    "https://jspm.dev/npm:date-fns@2.22.1/subWeeks!cjs": "1cc5d4623a5848221d13d275bf1ef4078cf33f2da5b375d06e9a94ccce6b7a81",
    "https://jspm.dev/npm:date-fns@2.22.1/subYears!cjs": "8b77ac90820b8909065be11266527be6aba3c8bb20f635fadd97b8459f0fa096",
    "https://jspm.dev/npm:date-fns@2.22.1/toDate!cjs": "e631067dc9386c4e30b88213f90c22095853a761200b0be7a5b61f72f2190111"
  },
  "workspace": {
    "packageJson": {
      "dependencies": [
        "npm:@supabase/supabase-js@^2.45.1",
        "npm:axios@^1.7.4",
        "npm:cheerio@^1.0.0",
        "npm:csv-parser@^3.0.0",
        "npm:date-fns@^3.6.0",
        "npm:dotenv@^16.4.5",
        "npm:xmldom@^0.6.0"
      ]
    }
  }
}
